// !$*UTF8*$!
{
	archiveVersion = 1;
	classes = {
	};
	objectVersion = 56;
	objects = {

/* Begin PBXBuildFile section */
		D434AA132A7D21AC00B0870B /* AnimationLoadingApp.swift in Sources */ = {isa = PBXBuildFile; fileRef = D434AA122A7D21AC00B0870B /* AnimationLoadingApp.swift */; };
		D434AA152A7D21AC00B0870B /* ContentView.swift in Sources */ = {isa = PBXBuildFile; fileRef = D434AA142A7D21AC00B0870B /* ContentView.swift */; };
		D434AA172A7D21AD00B0870B /* Assets.xcassets in Resources */ = {isa = PBXBuildFile; fileRef = D434AA162A7D21AD00B0870B /* Assets.xcassets */; };
		D434AA1A2A7D21AD00B0870B /* Preview Assets.xcassets in Resources */ = {isa = PBXBuildFile; fileRef = D434AA192A7D21AD00B0870B /* Preview Assets.xcassets */; };
		D434AA242A7D21AD00B0870B /* AnimationLoadingTests.swift in Sources */ = {isa = PBXBuildFile; fileRef = D434AA232A7D21AD00B0870B /* AnimationLoadingTests.swift */; };
		D434AA2E2A7D21AD00B0870B /* AnimationLoadingUITests.swift in Sources */ = {isa = PBXBuildFile; fileRef = D434AA2D2A7D21AD00B0870B /* AnimationLoadingUITests.swift */; };
		D434AA302A7D21AD00B0870B /* AnimationLoadingUITestsLaunchTests.swift in Sources */ = {isa = PBXBuildFile; fileRef = D434AA2F2A7D21AD00B0870B /* AnimationLoadingUITestsLaunchTests.swift */; };
/* End PBXBuildFile section */

/* Begin PBXContainerItemProxy section */
		D434AA202A7D21AD00B0870B /* PBXContainerItemProxy */ = {
			isa = PBXContainerItemProxy;
			containerPortal = D434AA072A7D21AC00B0870B /* Project object */;
			proxyType = 1;
			remoteGlobalIDString = D434AA0E2A7D21AC00B0870B;
			remoteInfo = AnimationLoading;
		};
		D434AA2A2A7D21AD00B0870B /* PBXContainerItemProxy */ = {
			isa = PBXContainerItemProxy;
			containerPortal = D434AA072A7D21AC00B0870B /* Project object */;
			proxyType = 1;
			remoteGlobalIDString = D434AA0E2A7D21AC00B0870B;
			remoteInfo = AnimationLoading;
		};
/* End PBXContainerItemProxy section */

/* Begin PBXFileReference section */
		D434AA0F2A7D21AC00B0870B /* AnimationLoading.app */ = {isa = PBXFileReference; explicitFileType = wrapper.application; includeInIndex = 0; path = AnimationLoading.app; sourceTree = BUILT_PRODUCTS_DIR; };
		D434AA122A7D21AC00B0870B /* AnimationLoadingApp.swift */ = {isa = PBXFileReference; lastKnownFileType = sourcecode.swift; path = AnimationLoadingApp.swift; sourceTree = "<group>"; };
		D434AA142A7D21AC00B0870B /* ContentView.swift */ = {isa = PBXFileReference; lastKnownFileType = sourcecode.swift; path = ContentView.swift; sourceTree = "<group>"; };
		D434AA162A7D21AD00B0870B /* Assets.xcassets */ = {isa = PBXFileReference; lastKnownFileType = folder.assetcatalog; path = Assets.xcassets; sourceTree = "<group>"; };
		D434AA192A7D21AD00B0870B /* Preview Assets.xcassets */ = {isa = PBXFileReference; lastKnownFileType = folder.assetcatalog; path = "Preview Assets.xcassets"; sourceTree = "<group>"; };
		D434AA1F2A7D21AD00B0870B /* AnimationLoadingTests.xctest */ = {isa = PBXFileReference; explicitFileType = wrapper.cfbundle; includeInIndex = 0; path = AnimationLoadingTests.xctest; sourceTree = BUILT_PRODUCTS_DIR; };
		D434AA232A7D21AD00B0870B /* AnimationLoadingTests.swift */ = {isa = PBXFileReference; lastKnownFileType = sourcecode.swift; path = AnimationLoadingTests.swift; sourceTree = "<group>"; };
		D434AA292A7D21AD00B0870B /* AnimationLoadingUITests.xctest */ = {isa = PBXFileReference; explicitFileType = wrapper.cfbundle; includeInIndex = 0; path = AnimationLoadingUITests.xctest; sourceTree = BUILT_PRODUCTS_DIR; };
		D434AA2D2A7D21AD00B0870B /* AnimationLoadingUITests.swift */ = {isa = PBXFileReference; lastKnownFileType = sourcecode.swift; path = AnimationLoadingUITests.swift; sourceTree = "<group>"; };
		D434AA2F2A7D21AD00B0870B /* AnimationLoadingUITestsLaunchTests.swift */ = {isa = PBXFileReference; lastKnownFileType = sourcecode.swift; path = AnimationLoadingUITestsLaunchTests.swift; sourceTree = "<group>"; };
/* End PBXFileReference section */

/* Begin PBXFrameworksBuildPhase section */
		D434AA0C2A7D21AC00B0870B /* Frameworks */ = {
			isa = PBXFrameworksBuildPhase;
			buildActionMask = 2147483647;
			files = (
			);
			runOnlyForDeploymentPostprocessing = 0;
		};
		D434AA1C2A7D21AD00B0870B /* Frameworks */ = {
			isa = PBXFrameworksBuildPhase;
			buildActionMask = 2147483647;
			files = (
			);
			runOnlyForDeploymentPostprocessing = 0;
		};
		D434AA262A7D21AD00B0870B /* Frameworks */ = {
			isa = PBXFrameworksBuildPhase;
			buildActionMask = 2147483647;
			files = (
			);
			runOnlyForDeploymentPostprocessing = 0;
		};
/* End PBXFrameworksBuildPhase section */

/* Begin PBXGroup section */
		D434AA062A7D21AC00B0870B = {
			isa = PBXGroup;
			children = (
				D434AA112A7D21AC00B0870B /* AnimationLoading */,
				D434AA222A7D21AD00B0870B /* AnimationLoadingTests */,
				D434AA2C2A7D21AD00B0870B /* AnimationLoadingUITests */,
				D434AA102A7D21AC00B0870B /* Products */,
			);
			sourceTree = "<group>";
		};
		D434AA102A7D21AC00B0870B /* Products */ = {
			isa = PBXGroup;
			children = (
				D434AA0F2A7D21AC00B0870B /* AnimationLoading.app */,
				D434AA1F2A7D21AD00B0870B /* AnimationLoadingTests.xctest */,
				D434AA292A7D21AD00B0870B /* AnimationLoadingUITests.xctest */,
			);
			name = Products;
			sourceTree = "<group>";
		};
		D434AA112A7D21AC00B0870B /* AnimationLoading */ = {
			isa = PBXGroup;
			children = (
				D434AA122A7D21AC00B0870B /* AnimationLoadingApp.swift */,
				D434AA142A7D21AC00B0870B /* ContentView.swift */,
				D434AA162A7D21AD00B0870B /* Assets.xcassets */,
				D434AA182A7D21AD00B0870B /* Preview Content */,
			);
			path = AnimationLoading;
			sourceTree = "<group>";
		};
		D434AA182A7D21AD00B0870B /* Preview Content */ = {
			isa = PBXGroup;
			children = (
				D434AA192A7D21AD00B0870B /* Preview Assets.xcassets */,
			);
			path = "Preview Content";
			sourceTree = "<group>";
		};
		D434AA222A7D21AD00B0870B /* AnimationLoadingTests */ = {
			isa = PBXGroup;
			children = (
				D434AA232A7D21AD00B0870B /* AnimationLoadingTests.swift */,
			);
			path = AnimationLoadingTests;
			sourceTree = "<group>";
		};
		D434AA2C2A7D21AD00B0870B /* AnimationLoadingUITests */ = {
			isa = PBXGroup;
			children = (
				D434AA2D2A7D21AD00B0870B /* AnimationLoadingUITests.swift */,
				D434AA2F2A7D21AD00B0870B /* AnimationLoadingUITestsLaunchTests.swift */,
			);
			path = AnimationLoadingUITests;
			sourceTree = "<group>";
		};
/* End PBXGroup section */

/* Begin PBXNativeTarget section */
		D434AA0E2A7D21AC00B0870B /* AnimationLoading */ = {
			isa = PBXNativeTarget;
			buildConfigurationList = D434AA332A7D21AD00B0870B /* Build configuration list for PBXNativeTarget "AnimationLoading" */;
			buildPhases = (
				D434AA0B2A7D21AC00B0870B /* Sources */,
				D434AA0C2A7D21AC00B0870B /* Frameworks */,
				D434AA0D2A7D21AC00B0870B /* Resources */,
			);
			buildRules = (
			);
			dependencies = (
			);
			name = AnimationLoading;
			productName = AnimationLoading;
			productReference = D434AA0F2A7D21AC00B0870B /* AnimationLoading.app */;
			productType = "com.apple.product-type.application";
		};
		D434AA1E2A7D21AD00B0870B /* AnimationLoadingTests */ = {
			isa = PBXNativeTarget;
			buildConfigurationList = D434AA362A7D21AD00B0870B /* Build configuration list for PBXNativeTarget "AnimationLoadingTests" */;
			buildPhases = (
				D434AA1B2A7D21AD00B0870B /* Sources */,
				D434AA1C2A7D21AD00B0870B /* Frameworks */,
				D434AA1D2A7D21AD00B0870B /* Resources */,
			);
			buildRules = (
			);
			dependencies = (
				D434AA212A7D21AD00B0870B /* PBXTargetDependency */,
			);
			name = AnimationLoadingTests;
			productName = AnimationLoadingTests;
			productReference = D434AA1F2A7D21AD00B0870B /* AnimationLoadingTests.xctest */;
			productType = "com.apple.product-type.bundle.unit-test";
		};
		D434AA282A7D21AD00B0870B /* AnimationLoadingUITests */ = {
			isa = PBXNativeTarget;
			buildConfigurationList = D434AA392A7D21AD00B0870B /* Build configuration list for PBXNativeTarget "AnimationLoadingUITests" */;
			buildPhases = (
				D434AA252A7D21AD00B0870B /* Sources */,
				D434AA262A7D21AD00B0870B /* Frameworks */,
				D434AA272A7D21AD00B0870B /* Resources */,
			);
			buildRules = (
			);
			dependencies = (
				D434AA2B2A7D21AD00B0870B /* PBXTargetDependency */,
			);
			name = AnimationLoadingUITests;
			productName = AnimationLoadingUITests;
			productReference = D434AA292A7D21AD00B0870B /* AnimationLoadingUITests.xctest */;
			productType = "com.apple.product-type.bundle.ui-testing";
		};
/* End PBXNativeTarget section */

/* Begin PBXProject section */
		D434AA072A7D21AC00B0870B /* Project object */ = {
			isa = PBXProject;
			attributes = {
				BuildIndependentTargetsInParallel = 1;
				LastSwiftUpdateCheck = 1430;
				LastUpgradeCheck = 1430;
				TargetAttributes = {
					D434AA0E2A7D21AC00B0870B = {
						CreatedOnToolsVersion = 14.3.1;
					};
					D434AA1E2A7D21AD00B0870B = {
						CreatedOnToolsVersion = 14.3.1;
						TestTargetID = D434AA0E2A7D21AC00B0870B;
					};
					D434AA282A7D21AD00B0870B = {
						CreatedOnToolsVersion = 14.3.1;
						TestTargetID = D434AA0E2A7D21AC00B0870B;
					};
				};
			};
			buildConfigurationList = D434AA0A2A7D21AC00B0870B /* Build configuration list for PBXProject "AnimationLoading" */;
			compatibilityVersion = "Xcode 14.0";
			developmentRegion = en;
			hasScannedForEncodings = 0;
			knownRegions = (
				en,
				Base,
			);
			mainGroup = D434AA062A7D21AC00B0870B;
			productRefGroup = D434AA102A7D21AC00B0870B /* Products */;
			projectDirPath = "";
			projectRoot = "";
			targets = (
				D434AA0E2A7D21AC00B0870B /* AnimationLoading */,
				D434AA1E2A7D21AD00B0870B /* AnimationLoadingTests */,
				D434AA282A7D21AD00B0870B /* AnimationLoadingUITests */,
			);
		};
/* End PBXProject section */

/* Begin PBXResourcesBuildPhase section */
		D434AA0D2A7D21AC00B0870B /* Resources */ = {
			isa = PBXResourcesBuildPhase;
			buildActionMask = 2147483647;
			files = (
				D434AA1A2A7D21AD00B0870B /* Preview Assets.xcassets in Resources */,
				D434AA172A7D21AD00B0870B /* Assets.xcassets in Resources */,
			);
			runOnlyForDeploymentPostprocessing = 0;
		};
		D434AA1D2A7D21AD00B0870B /* Resources */ = {
			isa = PBXResourcesBuildPhase;
			buildActionMask = 2147483647;
			files = (
			);
			runOnlyForDeploymentPostprocessing = 0;
		};
		D434AA272A7D21AD00B0870B /* Resources */ = {
			isa = PBXResourcesBuildPhase;
			buildActionMask = 2147483647;
			files = (
			);
			runOnlyForDeploymentPostprocessing = 0;
		};
/* End PBXResourcesBuildPhase section */

/* Begin PBXSourcesBuildPhase section */
		D434AA0B2A7D21AC00B0870B /* Sources */ = {
			isa = PBXSourcesBuildPhase;
			buildActionMask = 2147483647;
			files = (
				D434AA152A7D21AC00B0870B /* ContentView.swift in Sources */,
				D434AA132A7D21AC00B0870B /* AnimationLoadingApp.swift in Sources */,
			);
			runOnlyForDeploymentPostprocessing = 0;
		};
		D434AA1B2A7D21AD00B0870B /* Sources */ = {
			isa = PBXSourcesBuildPhase;
			buildActionMask = 2147483647;
			files = (
				D434AA242A7D21AD00B0870B /* AnimationLoadingTests.swift in Sources */,
			);
			runOnlyForDeploymentPostprocessing = 0;
		};
		D434AA252A7D21AD00B0870B /* Sources */ = {
			isa = PBXSourcesBuildPhase;
			buildActionMask = 2147483647;
			files = (
				D434AA302A7D21AD00B0870B /* AnimationLoadingUITestsLaunchTests.swift in Sources */,
				D434AA2E2A7D21AD00B0870B /* AnimationLoadingUITests.swift in Sources */,
			);
			runOnlyForDeploymentPostprocessing = 0;
		};
/* End PBXSourcesBuildPhase section */

/* Begin PBXTargetDependency section */
		D434AA212A7D21AD00B0870B /* PBXTargetDependency */ = {
			isa = PBXTargetDependency;
			target = D434AA0E2A7D21AC00B0870B /* AnimationLoading */;
			targetProxy = D434AA202A7D21AD00B0870B /* PBXContainerItemProxy */;
		};
		D434AA2B2A7D21AD00B0870B /* PBXTargetDependency */ = {
			isa = PBXTargetDependency;
			target = D434AA0E2A7D21AC00B0870B /* AnimationLoading */;
			targetProxy = D434AA2A2A7D21AD00B0870B /* PBXContainerItemProxy */;
		};
/* End PBXTargetDependency section */

/* Begin XCBuildConfiguration section */
		D434AA312A7D21AD00B0870B /* Debug */ = {
			isa = XCBuildConfiguration;
			buildSettings = {
				ALWAYS_SEARCH_USER_PATHS = NO;
				CLANG_ANALYZER_NONNULL = YES;
				CLANG_ANALYZER_NUMBER_OBJECT_CONVERSION = YES_AGGRESSIVE;
				CLANG_CXX_LANGUAGE_STANDARD = "gnu++20";
				CLANG_ENABLE_MODULES = YES;
				CLANG_ENABLE_OBJC_ARC = YES;
				CLANG_ENABLE_OBJC_WEAK = YES;
				CLANG_WARN_BLOCK_CAPTURE_AUTORELEASING = YES;
				CLANG_WARN_BOOL_CONVERSION = YES;
				CLANG_WARN_COMMA = YES;
				CLANG_WARN_CONSTANT_CONVERSION = YES;
				CLANG_WARN_DEPRECATED_OBJC_IMPLEMENTATIONS = YES;
				CLANG_WARN_DIRECT_OBJC_ISA_USAGE = YES_ERROR;
				CLANG_WARN_DOCUMENTATION_COMMENTS = YES;
				CLANG_WARN_EMPTY_BODY = YES;
				CLANG_WARN_ENUM_CONVERSION = YES;
				CLANG_WARN_INFINITE_RECURSION = YES;
				CLANG_WARN_INT_CONVERSION = YES;
				CLANG_WARN_NON_LITERAL_NULL_CONVERSION = YES;
				CLANG_WARN_OBJC_IMPLICIT_RETAIN_SELF = YES;
				CLANG_WARN_OBJC_LITERAL_CONVERSION = YES;
				CLANG_WARN_OBJC_ROOT_CLASS = YES_ERROR;
				CLANG_WARN_QUOTED_INCLUDE_IN_FRAMEWORK_HEADER = YES;
				CLANG_WARN_RANGE_LOOP_ANALYSIS = YES;
				CLANG_WARN_STRICT_PROTOTYPES = YES;
				CLANG_WARN_SUSPICIOUS_MOVE = YES;
				CLANG_WARN_UNGUARDED_AVAILABILITY = YES_AGGRESSIVE;
				CLANG_WARN_UNREACHABLE_CODE = YES;
				CLANG_WARN__DUPLICATE_METHOD_MATCH = YES;
				COPY_PHASE_STRIP = NO;
				DEBUG_INFORMATION_FORMAT = dwarf;
				ENABLE_STRICT_OBJC_MSGSEND = YES;
				ENABLE_TESTABILITY = YES;
				GCC_C_LANGUAGE_STANDARD = gnu11;
				GCC_DYNAMIC_NO_PIC = NO;
				GCC_NO_COMMON_BLOCKS = YES;
				GCC_OPTIMIZATION_LEVEL = 0;
				GCC_PREPROCESSOR_DEFINITIONS = (
					"DEBUG=1",
					"$(inherited)",
				);
				GCC_WARN_64_TO_32_BIT_CONVERSION = YES;
				GCC_WARN_ABOUT_RETURN_TYPE = YES_ERROR;
				GCC_WARN_UNDECLARED_SELECTOR = YES;
				GCC_WARN_UNINITIALIZED_AUTOS = YES_AGGRESSIVE;
				GCC_WARN_UNUSED_FUNCTION = YES;
				GCC_WARN_UNUSED_VARIABLE = YES;
				IPHONEOS_DEPLOYMENT_TARGET = 16.4;
				MTL_ENABLE_DEBUG_INFO = INCLUDE_SOURCE;
				MTL_FAST_MATH = YES;
				ONLY_ACTIVE_ARCH = YES;
				SDKROOT = iphoneos;
				SWIFT_ACTIVE_COMPILATION_CONDITIONS = DEBUG;
				SWIFT_OPTIMIZATION_LEVEL = "-Onone";
			};
			name = Debug;
		};
		D434AA322A7D21AD00B0870B /* Release */ = {
			isa = XCBuildConfiguration;
			buildSettings = {
				ALWAYS_SEARCH_USER_PATHS = NO;
				CLANG_ANALYZER_NONNULL = YES;
				CLANG_ANALYZER_NUMBER_OBJECT_CONVERSION = YES_AGGRESSIVE;
				CLANG_CXX_LANGUAGE_STANDARD = "gnu++20";
				CLANG_ENABLE_MODULES = YES;
				CLANG_ENABLE_OBJC_ARC = YES;
				CLANG_ENABLE_OBJC_WEAK = YES;
				CLANG_WARN_BLOCK_CAPTURE_AUTORELEASING = YES;
				CLANG_WARN_BOOL_CONVERSION = YES;
				CLANG_WARN_COMMA = YES;
				CLANG_WARN_CONSTANT_CONVERSION = YES;
				CLANG_WARN_DEPRECATED_OBJC_IMPLEMENTATIONS = YES;
				CLANG_WARN_DIRECT_OBJC_ISA_USAGE = YES_ERROR;
				CLANG_WARN_DOCUMENTATION_COMMENTS = YES;
				CLANG_WARN_EMPTY_BODY = YES;
				CLANG_WARN_ENUM_CONVERSION = YES;
				CLANG_WARN_INFINITE_RECURSION = YES;
				CLANG_WARN_INT_CONVERSION = YES;
				CLANG_WARN_NON_LITERAL_NULL_CONVERSION = YES;
				CLANG_WARN_OBJC_IMPLICIT_RETAIN_SELF = YES;
				CLANG_WARN_OBJC_LITERAL_CONVERSION = YES;
				CLANG_WARN_OBJC_ROOT_CLASS = YES_ERROR;
				CLANG_WARN_QUOTED_INCLUDE_IN_FRAMEWORK_HEADER = YES;
				CLANG_WARN_RANGE_LOOP_ANALYSIS = YES;
				CLANG_WARN_STRICT_PROTOTYPES = YES;
				CLANG_WARN_SUSPICIOUS_MOVE = YES;
				CLANG_WARN_UNGUARDED_AVAILABILITY = YES_AGGRESSIVE;
				CLANG_WARN_UNREACHABLE_CODE = YES;
				CLANG_WARN__DUPLICATE_METHOD_MATCH = YES;
				COPY_PHASE_STRIP = NO;
				DEBUG_INFORMATION_FORMAT = "dwarf-with-dsym";
				ENABLE_NS_ASSERTIONS = NO;
				ENABLE_STRICT_OBJC_MSGSEND = YES;
				GCC_C_LANGUAGE_STANDARD = gnu11;
				GCC_NO_COMMON_BLOCKS = YES;
				GCC_WARN_64_TO_32_BIT_CONVERSION = YES;
				GCC_WARN_ABOUT_RETURN_TYPE = YES_ERROR;
				GCC_WARN_UNDECLARED_SELECTOR = YES;
				GCC_WARN_UNINITIALIZED_AUTOS = YES_AGGRESSIVE;
				GCC_WARN_UNUSED_FUNCTION = YES;
				GCC_WARN_UNUSED_VARIABLE = YES;
				IPHONEOS_DEPLOYMENT_TARGET = 16.4;
				MTL_ENABLE_DEBUG_INFO = NO;
				MTL_FAST_MATH = YES;
				SDKROOT = iphoneos;
				SWIFT_COMPILATION_MODE = wholemodule;
				SWIFT_OPTIMIZATION_LEVEL = "-O";
				VALIDATE_PRODUCT = YES;
			};
			name = Release;
		};
		D434AA342A7D21AD00B0870B /* Debug */ = {
			isa = XCBuildConfiguration;
			buildSettings = {
				ASSETCATALOG_COMPILER_APPICON_NAME = AppIcon;
				ASSETCATALOG_COMPILER_GLOBAL_ACCENT_COLOR_NAME = AccentColor;
				CODE_SIGN_STYLE = Automatic;
				CURRENT_PROJECT_VERSION = 1;
				DEVELOPMENT_ASSET_PATHS = "\"AnimationLoading/Preview Content\"";
				ENABLE_PREVIEWS = YES;
				GENERATE_INFOPLIST_FILE = YES;
				INFOPLIST_KEY_UIApplicationSceneManifest_Generation = YES;
				INFOPLIST_KEY_UIApplicationSupportsIndirectInputEvents = YES;
				INFOPLIST_KEY_UILaunchScreen_Generation = YES;
				INFOPLIST_KEY_UISupportedInterfaceOrientations_iPad = "UIInterfaceOrientationPortrait UIInterfaceOrientationPortraitUpsideDown UIInterfaceOrientationLandscapeLeft UIInterfaceOrientationLandscapeRight";
				INFOPLIST_KEY_UISupportedInterfaceOrientations_iPhone = "UIInterfaceOrientationPortrait UIInterfaceOrientationLandscapeLeft UIInterfaceOrientationLandscapeRight";
				LD_RUNPATH_SEARCH_PATHS = (
					"$(inherited)",
					"@executable_path/Frameworks",
				);
				MARKETING_VERSION = 1.0;
				PRODUCT_BUNDLE_IDENTIFIER = eyh.com.AnimationLoading;
				PRODUCT_NAME = "$(TARGET_NAME)";
				SWIFT_EMIT_LOC_STRINGS = YES;
				SWIFT_VERSION = 5.0;
				TARGETED_DEVICE_FAMILY = "1,2";
			};
			name = Debug;
		};
		D434AA352A7D21AD00B0870B /* Release */ = {
			isa = XCBuildConfiguration;
			buildSettings = {
				ASSETCATALOG_COMPILER_APPICON_NAME = AppIcon;
				ASSETCATALOG_COMPILER_GLOBAL_ACCENT_COLOR_NAME = AccentColor;
				CODE_SIGN_STYLE = Automatic;
				CURRENT_PROJECT_VERSION = 1;
				DEVELOPMENT_ASSET_PATHS = "\"AnimationLoading/Preview Content\"";
				ENABLE_PREVIEWS = YES;
				GENERATE_INFOPLIST_FILE = YES;
				INFOPLIST_KEY_UIApplicationSceneManifest_Generation = YES;
				INFOPLIST_KEY_UIApplicationSupportsIndirectInputEvents = YES;
				INFOPLIST_KEY_UILaunchScreen_Generation = YES;
				INFOPLIST_KEY_UISupportedInterfaceOrientations_iPad = "UIInterfaceOrientationPortrait UIInterfaceOrientationPortraitUpsideDown UIInterfaceOrientationLandscapeLeft UIInterfaceOrientationLandscapeRight";
				INFOPLIST_KEY_UISupportedInterfaceOrientations_iPhone = "UIInterfaceOrientationPortrait UIInterfaceOrientationLandscapeLeft UIInterfaceOrientationLandscapeRight";
				LD_RUNPATH_SEARCH_PATHS = (
					"$(inherited)",
					"@executable_path/Frameworks",
				);
				MARKETING_VERSION = 1.0;
				PRODUCT_BUNDLE_IDENTIFIER = eyh.com.AnimationLoading;
				PRODUCT_NAME = "$(TARGET_NAME)";
				SWIFT_EMIT_LOC_STRINGS = YES;
				SWIFT_VERSION = 5.0;
				TARGETED_DEVICE_FAMILY = "1,2";
			};
			name = Release;
		};
		D434AA372A7D21AD00B0870B /* Debug */ = {
			isa = XCBuildConfiguration;
			buildSettings = {
				ALWAYS_EMBED_SWIFT_STANDARD_LIBRARIES = YES;
				BUNDLE_LOADER = "$(TEST_HOST)";
				CODE_SIGN_STYLE = Automatic;
				CURRENT_PROJECT_VERSION = 1;
				GENERATE_INFOPLIST_FILE = YES;
				IPHONEOS_DEPLOYMENT_TARGET = 16.4;
				MARKETING_VERSION = 1.0;
				PRODUCT_BUNDLE_IDENTIFIER = eyh.com.AnimationLoadingTests;
				PRODUCT_NAME = "$(TARGET_NAME)";
				SWIFT_EMIT_LOC_STRINGS = NO;
				SWIFT_VERSION = 5.0;
				TARGETED_DEVICE_FAMILY = "1,2";
				TEST_HOST = "$(BUILT_PRODUCTS_DIR)/AnimationLoading.app/$(BUNDLE_EXECUTABLE_FOLDER_PATH)/AnimationLoading";
			};
			name = Debug;
		};
		D434AA382A7D21AD00B0870B /* Release */ = {
			isa = XCBuildConfiguration;
			buildSettings = {
				ALWAYS_EMBED_SWIFT_STANDARD_LIBRARIES = YES;
				BUNDLE_LOADER = "$(TEST_HOST)";
				CODE_SIGN_STYLE = Automatic;
				CURRENT_PROJECT_VERSION = 1;
				GENERATE_INFOPLIST_FILE = YES;
				IPHONEOS_DEPLOYMENT_TARGET = 16.4;
				MARKETING_VERSION = 1.0;
				PRODUCT_BUNDLE_IDENTIFIER = eyh.com.AnimationLoadingTests;
				PRODUCT_NAME = "$(TARGET_NAME)";
				SWIFT_EMIT_LOC_STRINGS = NO;
				SWIFT_VERSION = 5.0;
				TARGETED_DEVICE_FAMILY = "1,2";
				TEST_HOST = "$(BUILT_PRODUCTS_DIR)/AnimationLoading.app/$(BUNDLE_EXECUTABLE_FOLDER_PATH)/AnimationLoading";
			};
			name = Release;
		};
		D434AA3A2A7D21AD00B0870B /* Debug */ = {
			isa = XCBuildConfiguration;
			buildSettings = {
				ALWAYS_EMBED_SWIFT_STANDARD_LIBRARIES = YES;
				CODE_SIGN_STYLE = Automatic;
				CURRENT_PROJECT_VERSION = 1;
				GENERATE_INFOPLIST_FILE = YES;
				MARKETING_VERSION = 1.0;
				PRODUCT_BUNDLE_IDENTIFIER = eyh.com.AnimationLoadingUITests;
				PRODUCT_NAME = "$(TARGET_NAME)";
				SWIFT_EMIT_LOC_STRINGS = NO;
				SWIFT_VERSION = 5.0;
				TARGETED_DEVICE_FAMILY = "1,2";
				TEST_TARGET_NAME = AnimationLoading;
			};
			name = Debug;
		};
		D434AA3B2A7D21AD00B0870B /* Release */ = {
			isa = XCBuildConfiguration;
			buildSettings = {
				ALWAYS_EMBED_SWIFT_STANDARD_LIBRARIES = YES;
				CODE_SIGN_STYLE = Automatic;
				CURRENT_PROJECT_VERSION = 1;
				GENERATE_INFOPLIST_FILE = YES;
				MARKETING_VERSION = 1.0;
				PRODUCT_BUNDLE_IDENTIFIER = eyh.com.AnimationLoadingUITests;
				PRODUCT_NAME = "$(TARGET_NAME)";
				SWIFT_EMIT_LOC_STRINGS = NO;
				SWIFT_VERSION = 5.0;
				TARGETED_DEVICE_FAMILY = "1,2";
				TEST_TARGET_NAME = AnimationLoading;
			};
			name = Release;
		};
/* End XCBuildConfiguration section */

/* Begin XCConfigurationList section */
		D434AA0A2A7D21AC00B0870B /* Build configuration list for PBXProject "AnimationLoading" */ = {
			isa = XCConfigurationList;
			buildConfigurations = (
				D434AA312A7D21AD00B0870B /* Debug */,
				D434AA322A7D21AD00B0870B /* Release */,
			);
			defaultConfigurationIsVisible = 0;
			defaultConfigurationName = Release;
		};
		D434AA332A7D21AD00B0870B /* Build configuration list for PBXNativeTarget "AnimationLoading" */ = {
			isa = XCConfigurationList;
			buildConfigurations = (
				D434AA342A7D21AD00B0870B /* Debug */,
				D434AA352A7D21AD00B0870B /* Release */,
			);
			defaultConfigurationIsVisible = 0;
			defaultConfigurationName = Release;
		};
		D434AA362A7D21AD00B0870B /* Build configuration list for PBXNativeTarget "AnimationLoadingTests" */ = {
			isa = XCConfigurationList;
			buildConfigurations = (
				D434AA372A7D21AD00B0870B /* Debug */,
				D434AA382A7D21AD00B0870B /* Release */,
			);
			defaultConfigurationIsVisible = 0;
			defaultConfigurationName = Release;
		};
		D434AA392A7D21AD00B0870B /* Build configuration list for PBXNativeTarget "AnimationLoadingUITests" */ = {
			isa = XCConfigurationList;
			buildConfigurations = (
				D434AA3A2A7D21AD00B0870B /* Debug */,
				D434AA3B2A7D21AD00B0870B /* Release */,
			);
			defaultConfigurationIsVisible = 0;
			defaultConfigurationName = Release;
		};
/* End XCConfigurationList section */
	};
	rootObject = D434AA072A7D21AC00B0870B /* Project object */;
}
